github.com/go-faker/faker/v4 v4.7.0 h1:VboC02cXHl/NuQh5lM2W8b87yp4iFXIu59x4w0RZi4E=
github.com/go-faker/faker/v4 v4.7.0/go.mod h1:u1dIRP5neLB6kTzgyVjdBOV5R1uP7BdxkcWk7tiKQXk=
golang.org/x/text v0.36.0 h1:JfKh3XmcRPqZPKevfXVpI1wXPTqbkE5f7JA92a55Yxg=
golang.org/x/text v0.36.0/go.mod h1:NIdBknypM8iqVmPiuco0Dh6P5Jcdk8lJL0CUebqK164=
